
Microsoft Visual Studio Solution File, Format Version 12.00
# Visual Studio Version 17
VisualStudioVersion = 17.9.34728.123
MinimumVisualStudioVersion = 10.0.40219.1
Project("{FAE04EC0-301F-11D3-BF4B-00C04F79EFBC}") = "Laborator4", "Laborator4.csproj", "{DA7DBF36-F468-4CC3-8A4C-2C564FCCDE05}"
EndProject
Global
	GlobalSection(SolutionConfigurationPlatforms) = preSolution
		Debug|Any CPU = Debug|Any CPU
		Release|Any CPU = Release|Any CPU
	EndGlobalSection
	GlobalSection(ProjectConfigurationPlatforms) = postSolution
		{DA7DBF36-F468-4CC3-8A4C-2C564FCCDE05}.Debug|Any CPU.ActiveCfg = Debug|Any CPU
		{DA7DBF36-F468-4CC3-8A4C-2C564FCCDE05}.Debug|Any CPU.Build.0 = Debug|Any CPU
		{DA7DBF36-F468-4CC3-8A4C-2C564FCCDE05}.Release|Any CPU.ActiveCfg = Release|Any CPU
		{DA7DBF36-F468-4CC3-8A4C-2C564FCCDE05}.Release|Any CPU.Build.0 = Release|Any CPU
	EndGlobalSection
	GlobalSection(SolutionProperties) = preSolution
		HideSolutionNode = FALSE
	EndGlobalSection
	GlobalSection(ExtensibilityGlobals) = postSolution
		SolutionGuid = {00F5398C-8966-4DDC-AB62-CE00FE70CC0B}
	EndGlobalSection
EndGlobal
